{
  "originHash" : "c201f042962a41c3505f756551b0cf1d75c944b088a490767e1ff70eb580d959",
  "pins" : [
    {
      "identity" : "swift-argument-parser",
      "kind" : "remoteSourceControl",
      "location" : "https://github.com/apple/swift-argument-parser.git",
      "state" : {
        "revision" : "9564d61b08a5335ae0a36f789a7d71493eacadfc",
        "version" : "0.3.2"
      }
    },
    {
      "identity" : "swift-ddc",
      "kind" : "remoteSourceControl",
      "location" : "https://github.com/aleksey-mashanov/swift-ddc.git",
      "state" : {
        "branch" : "master",
        "revision" : "4c4e1487515d5cfcea55470eb44be59a27a11a25"
      }
    }
  ],
  "version" : 3
}
